
Microsoft Visual Studio Solution File, Format Version 12.00
# Visual Studio 14
VisualStudioVersion = 14.0.24720.0
MinimumVisualStudioVersion = 10.0.40219.1
Project("{8BC9CEB8-8B4A-11D0-8D11-00A0C91BC942}") = "lowbits", "lowbits.vcxproj", "{5D30AF14-CA6A-40AF-8CF0-C74DE6C98149}"
EndProject
Project("{8BC9CEB8-8B4A-11D0-8D11-00A0C91BC942}") = "test_perm", "test_perm.vcxproj", "{E1E3C99B-0DE7-4F06-8B66-776792485273}"
EndProject
Project("{8BC9CEB8-8B4A-11D0-8D11-00A0C91BC942}") = "test_time", "test_time.vcxproj", "{2BA1B493-3865-4575-90FA-2ADCBB94A024}"
EndProject
Global
	GlobalSection(SolutionConfigurationPlatforms) = preSolution
		Debug|x86 = Debug|x86
		Release|x86 = Release|x86
		Template|x86 = Template|x86
	EndGlobalSection
	GlobalSection(ProjectConfigurationPlatforms) = postSolution
		{5D30AF14-CA6A-40AF-8CF0-C74DE6C98149}.Debug|x86.ActiveCfg = Debug|Win32
		{5D30AF14-CA6A-40AF-8CF0-C74DE6C98149}.Debug|x86.Build.0 = Debug|Win32
		{5D30AF14-CA6A-40AF-8CF0-C74DE6C98149}.Release|x86.ActiveCfg = Release|Win32
		{5D30AF14-CA6A-40AF-8CF0-C74DE6C98149}.Release|x86.Build.0 = Release|Win32
		{5D30AF14-CA6A-40AF-8CF0-C74DE6C98149}.Template|x86.ActiveCfg = Release|Win32
		{5D30AF14-CA6A-40AF-8CF0-C74DE6C98149}.Template|x86.Build.0 = Release|Win32
		{E1E3C99B-0DE7-4F06-8B66-776792485273}.Debug|x86.ActiveCfg = Debug|Win32
		{E1E3C99B-0DE7-4F06-8B66-776792485273}.Debug|x86.Build.0 = Debug|Win32
		{E1E3C99B-0DE7-4F06-8B66-776792485273}.Release|x86.ActiveCfg = Release|Win32
		{E1E3C99B-0DE7-4F06-8B66-776792485273}.Release|x86.Build.0 = Release|Win32
		{E1E3C99B-0DE7-4F06-8B66-776792485273}.Template|x86.ActiveCfg = Template|Win32
		{E1E3C99B-0DE7-4F06-8B66-776792485273}.Template|x86.Build.0 = Template|Win32
		{2BA1B493-3865-4575-90FA-2ADCBB94A024}.Debug|x86.ActiveCfg = Debug|Win32
		{2BA1B493-3865-4575-90FA-2ADCBB94A024}.Debug|x86.Build.0 = Debug|Win32
		{2BA1B493-3865-4575-90FA-2ADCBB94A024}.Release|x86.ActiveCfg = Release|Win32
		{2BA1B493-3865-4575-90FA-2ADCBB94A024}.Release|x86.Build.0 = Release|Win32
		{2BA1B493-3865-4575-90FA-2ADCBB94A024}.Template|x86.ActiveCfg = Template|Win32
		{2BA1B493-3865-4575-90FA-2ADCBB94A024}.Template|x86.Build.0 = Template|Win32
	EndGlobalSection
	GlobalSection(SolutionProperties) = preSolution
		HideSolutionNode = FALSE
	EndGlobalSection
EndGlobal
